
Microsoft Visual Studio Solution File, Format Version 12.00
# Visual Studio Version 17
VisualStudioVersion = 17.7.34024.191
MinimumVisualStudioVersion = 10.0.40219.1
Project("{9A19103F-16F7-4668-BE54-9A1E7A4F7556}") = "RomanNumbers", "RomanNumbers\RomanNumbers.csproj", "{D82C771C-464D-4A3C-A5F5-D2DA45491775}"
EndProject
Project("{9A19103F-16F7-4668-BE54-9A1E7A4F7556}") = "RomanNumbers.Test", "RomanNumbers.Test\RomanNumbers.Test.csproj", "{72C1E719-A1E6-4582-88F4-4F68D94A1E8B}"
EndProject
Global
	GlobalSection(SolutionConfigurationPlatforms) = preSolution
		Debug|Any CPU = Debug|Any CPU
		Release|Any CPU = Release|Any CPU
	EndGlobalSection
	GlobalSection(ProjectConfigurationPlatforms) = postSolution
		{D82C771C-464D-4A3C-A5F5-D2DA45491775}.Debug|Any CPU.ActiveCfg = Debug|Any CPU
		{D82C771C-464D-4A3C-A5F5-D2DA45491775}.Debug|Any CPU.Build.0 = Debug|Any CPU
		{D82C771C-464D-4A3C-A5F5-D2DA45491775}.Release|Any CPU.ActiveCfg = Release|Any CPU
		{D82C771C-464D-4A3C-A5F5-D2DA45491775}.Release|Any CPU.Build.0 = Release|Any CPU
		{72C1E719-A1E6-4582-88F4-4F68D94A1E8B}.Debug|Any CPU.ActiveCfg = Debug|Any CPU
		{72C1E719-A1E6-4582-88F4-4F68D94A1E8B}.Debug|Any CPU.Build.0 = Debug|Any CPU
		{72C1E719-A1E6-4582-88F4-4F68D94A1E8B}.Release|Any CPU.ActiveCfg = Release|Any CPU
		{72C1E719-A1E6-4582-88F4-4F68D94A1E8B}.Release|Any CPU.Build.0 = Release|Any CPU
	EndGlobalSection
	GlobalSection(SolutionProperties) = preSolution
		HideSolutionNode = FALSE
	EndGlobalSection
	GlobalSection(ExtensibilityGlobals) = postSolution
		SolutionGuid = {E9A18EEF-596C-4596-85E4-95674C7F9972}
	EndGlobalSection
EndGlobal
